
Microsoft Visual Studio Solution File, Format Version 12.00
# Visual Studio Version 16
VisualStudioVersion = 16.0.33027.164
MinimumVisualStudioVersion = 10.0.40219.1
Project("{9A19103F-16F7-4668-BE54-9A1E7A4F7556}") = "lab9ex1", "lab9ex1.csproj", "{0020C58A-DA79-4206-998D-2CF3D8316F66}"
EndProject
Global
	GlobalSection(SolutionConfigurationPlatforms) = preSolution
		Debug|Any CPU = Debug|Any CPU
		Release|Any CPU = Release|Any CPU
	EndGlobalSection
	GlobalSection(ProjectConfigurationPlatforms) = postSolution
		{0020C58A-DA79-4206-998D-2CF3D8316F66}.Debug|Any CPU.ActiveCfg = Debug|Any CPU
		{0020C58A-DA79-4206-998D-2CF3D8316F66}.Debug|Any CPU.Build.0 = Debug|Any CPU
		{0020C58A-DA79-4206-998D-2CF3D8316F66}.Release|Any CPU.ActiveCfg = Release|Any CPU
		{0020C58A-DA79-4206-998D-2CF3D8316F66}.Release|Any CPU.Build.0 = Release|Any CPU
	EndGlobalSection
	GlobalSection(SolutionProperties) = preSolution
		HideSolutionNode = FALSE
	EndGlobalSection
	GlobalSection(ExtensibilityGlobals) = postSolution
		SolutionGuid = {87E1A234-2442-4A98-A9FC-61CD48618D0E}
	EndGlobalSection
EndGlobal
